hash: 84cebc597b9c58a64cbfd656ff7bdf78dc9ae3b2b80a66fd4232e5ee79bab686
updated: 2018-09-19T09:16:59.776495031+03:00
imports:
- name: github.com/aristanetworks/goarista
  version: ff33da284e760fcdb03c33d37a719e5ed30ba844
  subpackages:
  - monotime
- name: github.com/btcsuite/btcd
  version: cff30e1d23fc9e800b2b5b4b41ef1817dda07e9f
  subpackages:
  - btcec
- name: github.com/deckarep/golang-set
  version: cbaa98ba5575e67703b32b4b19f73c91f3c4159e
- name: github.com/ethereum/go-ethereum
  version: 89451f7c382ad2185987ee369f16416f89c28a7d
  subpackages:
  - accounts
  - accounts/abi
  - accounts/abi/bind
  - accounts/keystore
  - common
  - common/hexutil
  - common/math
  - common/mclock
  - contracts/chequebook
  - core/types
  - crypto
  - crypto/secp256k1
  - crypto/sha3
  - ethdb
  - event
  - log
  - metrics
  - params
  - rlp
  - trie
- name: github.com/go-stack/stack
  version: 2fee6af1a9795aafbe0253a0cfbdf668e1fb8a9a
- name: github.com/golang/snappy
  version: 2e65f85255dbc3072edf28d6b5b8efc472979f5a
- name: github.com/google/uuid
  version: 9b3b1e0f5f99ae461456d768e7d301a7acdaa2d8
- name: github.com/kisielk/gotool
  version: 80517062f582ea3340cd4baf70e86d539ae7d84d
- name: github.com/pborman/uuid
  version: 8b1b92947f46224e3b97bb1a3a5b0382be00d31e
- name: github.com/rjeczalik/notify
  version: 0f065fa99b48b842c3fd3e2c8b194c6f2b69f6b8
- name: github.com/syndtr/goleveldb
  version: ae2bd5eed72d46b28834ec3f60db3a3ebedd8dbd
  subpackages:
  - leveldb
  - leveldb/cache
  - leveldb/comparer
  - leveldb/errors
  - leveldb/filter
  - leveldb/iterator
  - leveldb/journal
  - leveldb/memdb
  - leveldb/opt
  - leveldb/storage
  - leveldb/table
  - leveldb/util
- name: golang.org/x/crypto
  version: 0e37d006457bf46f9e6692014ba72ef82c33022c
  subpackages:
  - pbkdf2
  - scrypt
- name: golang.org/x/lint
  version: 06c8688daad7faa9da5a0c2f163a3d14aac986ca
  repo: https://github.com/golang/lint
  vcs: git
  subpackages:
  - golint
- name: golang.org/x/sys
  version: ee1b12c67af419cf5a9be3bdbeea7fc1c5f32f11
  subpackages:
  - unix
- name: golang.org/x/tools
  version: 90fa682c2a6e6a37b3a1364ce2fe1d5e41af9d6d
  subpackages:
  - cmd/goimports
  - go/ast/astutil
  - imports
  - internal/fastwalk
- name: gopkg.in/karalabe/cookiejar.v2
  version: 8dcd6a7f4951f6ff3ee9cbb919a06d8925822e57
  subpackages:
  - collections/prque
- name: honnef.co/go/tools
  version: d73ab98e7c39fdcf9ba65062e43d34310f198353
  subpackages:
  - cmd/simple
  - cmd/staticcheck
  - cmd/unused
testImports: []
