hash: 71bb1cfa6e57c29ac58a76eed26e65ef4c0cd66bac6a96978b91d6a01a2d8e18
updated: 2018-11-08T14:51:50.666069+02:00
imports:
- name: github.com/aristanetworks/goarista
  version: 5bb443fba8e05f4a819301a63af91fe3cbadcc17
  subpackages:
  - monotime
- name: github.com/btcsuite/btcd
  version: 67e573d211ace594f1366b4ce9d39726c4b19bd0
  subpackages:
  - btcec
- name: github.com/davecgh/go-spew
  version: d8f796af33cc11cb798c1aaeb27a4ebc5099927d
  subpackages:
  - spew
- name: github.com/deckarep/golang-set
  version: 699df6a3acf6867538e50931511e9dc403da108a
- name: github.com/edsrzf/mmap-go
  version: 0bce6a6887123b67a60366d2c9fe2dfb74289d2e
- name: github.com/elastic/gosigar
  version: 56cb7e1f604b2748b231d8e0236e1e4782a20ad3
  subpackages:
  - sys/windows
- name: github.com/ethereum/go-ethereum
  version: baee850471603d7fbf37eed0074c9de01df92ee7
  subpackages:
  - accounts
  - accounts/abi
  - accounts/abi/bind
  - accounts/abi/bind/backends
  - accounts/keystore
  - accounts/usbwallet
  - accounts/usbwallet/internal/trezor
  - cmd/utils
  - common
  - common/bitutil
  - common/fdlimit
  - common/hexutil
  - common/math
  - common/mclock
  - common/prque
  - consensus
  - consensus/clique
  - consensus/ethash
  - consensus/misc
  - contracts/chequebook
  - core
  - core/bloombits
  - core/rawdb
  - core/state
  - core/types
  - core/vm
  - crypto
  - crypto/bn256
  - crypto/bn256/cloudflare
  - crypto/bn256/google
  - crypto/ecies
  - crypto/secp256k1
  - crypto/sha3
  - dashboard
  - eth
  - eth/downloader
  - eth/fetcher
  - eth/filters
  - eth/gasprice
  - eth/tracers
  - eth/tracers/internal/tracers
  - ethclient
  - ethdb
  - ethstats
  - event
  - internal/debug
  - internal/ethapi
  - les
  - les/flowcontrol
  - light
  - log
  - metrics
  - metrics/exp
  - metrics/influxdb
  - miner
  - node
  - p2p
  - p2p/discover
  - p2p/discv5
  - p2p/enode
  - p2p/enr
  - p2p/nat
  - p2p/netutil
  - params
  - rlp
  - rpc
  - trie
  - whisper/whisperv6
- name: github.com/fjl/memsize
  version: 2a09253e352a56f419bd88effab0483f52da4c7d
  subpackages:
  - memsizeui
- name: github.com/go-ole/go-ole
  version: 7a0fa49edf48165190530c675167e2f319a05268
  subpackages:
  - oleutil
- name: github.com/go-stack/stack
  version: 2fee6af1a9795aafbe0253a0cfbdf668e1fb8a9a
- name: github.com/go-test/deep
  version: 57af0be209c537ba1d9c2a4b285ab7aea0897e51
- name: github.com/golang/protobuf
  version: b4deda0973fb4c70b50d226b1af49f3da59f5265
  subpackages:
  - proto
  - protoc-gen-go/descriptor
- name: github.com/golang/snappy
  version: d9eb7a3d35ec988b8585d4a0068e462c27d28380
- name: github.com/google/uuid
  version: 9b3b1e0f5f99ae461456d768e7d301a7acdaa2d8
- name: github.com/hashicorp/golang-lru
  version: 20f1fb78b0740ba8c3cb143a61e86ba5c8669768
  subpackages:
  - simplelru
- name: github.com/huin/goupnp
  version: 656e61dfadd241c7cbdd22a023fa81ecb6860ea8
  subpackages:
  - dcps/internetgateway1
  - dcps/internetgateway2
  - httpu
  - scpd
  - soap
  - ssdp
- name: github.com/influxdata/influxdb
  version: 2e7d8d753fd70e7378c537dfe82b64fd2786b1cb
  subpackages:
  - client
  - models
  - pkg/escape
- name: github.com/influxdata/platform
  version: 9b529771ebb35c920689a621cac0917440e464b9
  subpackages:
  - models
  - pkg/escape
- name: github.com/jackpal/go-nat-pmp
  version: d89d09f6f3329bc3c2479aa3cafd76a5aa93a35c
- name: github.com/karalabe/hid
  version: 2b4488a37358b7283de4f9622553e85ebbe73125
- name: github.com/kisielk/gotool
  version: 80517062f582ea3340cd4baf70e86d539ae7d84d
- name: github.com/mattn/go-colorable
  version: efa589957cd060542a26d2dd7832fd6a6c6c3ade
- name: github.com/mattn/go-isatty
  version: 3fb116b820352b7f0c281308a4d6250c22d94e27
- name: github.com/mohae/deepcopy
  version: c48cc78d482608239f6c4c92a4abd87eb8761c90
- name: github.com/monetha/go-ethereum
  version: e7e7ff90cf6f091a867c009b54164332d5eb2440
- name: github.com/pborman/uuid
  version: 8b1b92947f46224e3b97bb1a3a5b0382be00d31e
- name: github.com/pkg/errors
  version: 059132a15dd08d6704c67711dae0cf35ab991756
- name: github.com/prometheus/prometheus
  version: 3101606756c53221ed58ba94ecba6b26adf89dcc
  subpackages:
  - util/flock
- name: github.com/rjeczalik/notify
  version: 352c463f90a00c0cf83b1148f11ada779308f411
- name: github.com/rs/cors
  version: a3460e445dd310dbefee993fe449f2ff9c08ae71
- name: github.com/shurcooL/httpfs
  version: 809beceb23714880abc4a382a00c05f89d13b1cc
  subpackages:
  - vfsutil
- name: github.com/shurcooL/httpgzip
  version: b1c53ac65af9fd3d354d6f9ad30a0cca35e173ed
- name: github.com/shurcooL/vfsgen
  version: a97a25d856cadfe6481325baeb35a70d6723ca0c
- name: github.com/StackExchange/wmi
  version: b12b22c5341f0c26d88c4d66176330500e84db68
- name: github.com/syndtr/goleveldb
  version: f9080354173f192dfc8821931eacf9cfd6819253
  subpackages:
  - leveldb
  - leveldb/cache
  - leveldb/comparer
  - leveldb/errors
  - leveldb/filter
  - leveldb/iterator
  - leveldb/journal
  - leveldb/memdb
  - leveldb/opt
  - leveldb/storage
  - leveldb/table
  - leveldb/util
- name: golang.org/x/crypto
  version: e4dc69e5b2fd71dcaf8bd5d054eb936deb78d1fa
  subpackages:
  - pbkdf2
  - ripemd160
  - scrypt
- name: golang.org/x/lint
  version: c67002cb31c3a748b7688c27f20d8358b4193582
  repo: https://github.com/golang/lint
  vcs: git
  subpackages:
  - golint
- name: golang.org/x/net
  version: 10aee181995363b41f712a55844a0dd52ea04646
  subpackages:
  - html
  - html/atom
  - html/charset
  - http/httpguts
  - idna
  - websocket
- name: golang.org/x/sync
  version: 1d60e4601c6fd243af51cc01ddf169918a5407ca
  subpackages:
  - syncmap
- name: golang.org/x/sys
  version: 904bdc257025c7b3f43c19360ad3ab85783fad78
  subpackages:
  - cpu
  - unix
  - windows
- name: golang.org/x/text
  version: f21a4dfb5e38f5895301dc265a8def02365cc3d0
  subpackages:
  - encoding
  - encoding/charmap
  - encoding/htmlindex
  - encoding/internal
  - encoding/internal/identifier
  - encoding/japanese
  - encoding/korean
  - encoding/simplifiedchinese
  - encoding/traditionalchinese
  - encoding/unicode
  - internal/tag
  - internal/utf8internal
  - language
  - runes
  - secure/bidirule
  - transform
  - unicode/bidi
  - unicode/norm
- name: golang.org/x/tools
  version: e21233ffa6c386fc230b4328493f77af54ff9372
  subpackages:
  - cmd/goimports
- name: gopkg.in/natefinch/npipe.v2
  version: c1b8fa8bdccecb0b8db834ee0b92fdbcfa606dd6
- name: gopkg.in/olebedev/go-duktape.v3
  version: d53328019b21fe1987c97f368f98c072c8f44455
- name: gopkg.in/urfave/cli.v1
  version: cfb38830724cc34fedffe9a2a29fb54fa9169cd1
- name: honnef.co/go/tools
  version: d73ab98e7c39fdcf9ba65062e43d34310f198353
  subpackages:
  - cmd/simple
  - cmd/staticcheck
  - cmd/unused
testImports: []
